
Microsoft Visual Studio Solution File, Format Version 12.00
# Visual Studio 15
Project("{FAE04EC0-301F-11D3-BF4B-00C04F79EFBC}") = "RgPluginsPopupAwait.Android", "RgPluginsPopupAwait.Android\RgPluginsPopupAwait.Android.csproj", "{BE5B6A07-9429-4E6E-8326-3DD13722E84A}"
EndProject
Project("{FAE04EC0-301F-11D3-BF4B-00C04F79EFBC}") = "RgPluginsPopupAwait.iOS", "RgPluginsPopupAwait.iOS\RgPluginsPopupAwait.iOS.csproj", "{0C6AE77D-29E9-4919-87B8-FDF564E7DEE8}"
EndProject
Project("{FAE04EC0-301F-11D3-BF4B-00C04F79EFBC}") = "RgPluginsPopupAwait", "RgPluginsPopupAwait\RgPluginsPopupAwait.csproj", "{96F19C26-818A-45A6-8253-CB0067656CA7}"
EndProject
Global
	GlobalSection(SolutionConfigurationPlatforms) = preSolution
		Debug|Any CPU = Debug|Any CPU
		Release|Any CPU = Release|Any CPU
		Debug|iPhoneSimulator = Debug|iPhoneSimulator
		Release|iPhoneSimulator = Release|iPhoneSimulator
		Debug|iPhone = Debug|iPhone
		Release|iPhone = Release|iPhone
	EndGlobalSection
	GlobalSection(ProjectConfigurationPlatforms) = postSolution
		{BE5B6A07-9429-4E6E-8326-3DD13722E84A}.Debug|Any CPU.ActiveCfg = Debug|Any CPU
		{BE5B6A07-9429-4E6E-8326-3DD13722E84A}.Debug|Any CPU.Build.0 = Debug|Any CPU
		{BE5B6A07-9429-4E6E-8326-3DD13722E84A}.Release|Any CPU.ActiveCfg = Release|Any CPU
		{BE5B6A07-9429-4E6E-8326-3DD13722E84A}.Release|Any CPU.Build.0 = Release|Any CPU
		{BE5B6A07-9429-4E6E-8326-3DD13722E84A}.Debug|iPhoneSimulator.ActiveCfg = Debug|Any CPU
		{BE5B6A07-9429-4E6E-8326-3DD13722E84A}.Debug|iPhoneSimulator.Build.0 = Debug|Any CPU
		{BE5B6A07-9429-4E6E-8326-3DD13722E84A}.Release|iPhoneSimulator.ActiveCfg = Release|Any CPU
		{BE5B6A07-9429-4E6E-8326-3DD13722E84A}.Release|iPhoneSimulator.Build.0 = Release|Any CPU
		{BE5B6A07-9429-4E6E-8326-3DD13722E84A}.Debug|iPhone.ActiveCfg = Debug|Any CPU
		{BE5B6A07-9429-4E6E-8326-3DD13722E84A}.Debug|iPhone.Build.0 = Debug|Any CPU
		{BE5B6A07-9429-4E6E-8326-3DD13722E84A}.Release|iPhone.ActiveCfg = Release|Any CPU
		{BE5B6A07-9429-4E6E-8326-3DD13722E84A}.Release|iPhone.Build.0 = Release|Any CPU
		{0C6AE77D-29E9-4919-87B8-FDF564E7DEE8}.Debug|Any CPU.ActiveCfg = Debug|iPhoneSimulator
		{0C6AE77D-29E9-4919-87B8-FDF564E7DEE8}.Debug|Any CPU.Build.0 = Debug|iPhoneSimulator
		{0C6AE77D-29E9-4919-87B8-FDF564E7DEE8}.Release|Any CPU.ActiveCfg = Release|iPhoneSimulator
		{0C6AE77D-29E9-4919-87B8-FDF564E7DEE8}.Release|Any CPU.Build.0 = Release|iPhoneSimulator
		{0C6AE77D-29E9-4919-87B8-FDF564E7DEE8}.Debug|iPhoneSimulator.ActiveCfg = Debug|iPhoneSimulator
		{0C6AE77D-29E9-4919-87B8-FDF564E7DEE8}.Debug|iPhoneSimulator.Build.0 = Debug|iPhoneSimulator
		{0C6AE77D-29E9-4919-87B8-FDF564E7DEE8}.Release|iPhoneSimulator.ActiveCfg = Release|iPhoneSimulator
		{0C6AE77D-29E9-4919-87B8-FDF564E7DEE8}.Release|iPhoneSimulator.Build.0 = Release|iPhoneSimulator
		{0C6AE77D-29E9-4919-87B8-FDF564E7DEE8}.Debug|iPhone.ActiveCfg = Debug|iPhone
		{0C6AE77D-29E9-4919-87B8-FDF564E7DEE8}.Debug|iPhone.Build.0 = Debug|iPhone
		{0C6AE77D-29E9-4919-87B8-FDF564E7DEE8}.Release|iPhone.ActiveCfg = Release|iPhone
		{0C6AE77D-29E9-4919-87B8-FDF564E7DEE8}.Release|iPhone.Build.0 = Release|iPhone
		{96F19C26-818A-45A6-8253-CB0067656CA7}.Debug|Any CPU.ActiveCfg = Debug|Any CPU
		{96F19C26-818A-45A6-8253-CB0067656CA7}.Debug|Any CPU.Build.0 = Debug|Any CPU
		{96F19C26-818A-45A6-8253-CB0067656CA7}.Release|Any CPU.ActiveCfg = Release|Any CPU
		{96F19C26-818A-45A6-8253-CB0067656CA7}.Release|Any CPU.Build.0 = Release|Any CPU
		{96F19C26-818A-45A6-8253-CB0067656CA7}.Debug|iPhoneSimulator.ActiveCfg = Debug|Any CPU
		{96F19C26-818A-45A6-8253-CB0067656CA7}.Debug|iPhoneSimulator.Build.0 = Debug|Any CPU
		{96F19C26-818A-45A6-8253-CB0067656CA7}.Release|iPhoneSimulator.ActiveCfg = Release|Any CPU
		{96F19C26-818A-45A6-8253-CB0067656CA7}.Release|iPhoneSimulator.Build.0 = Release|Any CPU
		{96F19C26-818A-45A6-8253-CB0067656CA7}.Debug|iPhone.ActiveCfg = Debug|Any CPU
		{96F19C26-818A-45A6-8253-CB0067656CA7}.Debug|iPhone.Build.0 = Debug|Any CPU
		{96F19C26-818A-45A6-8253-CB0067656CA7}.Release|iPhone.ActiveCfg = Release|Any CPU
		{96F19C26-818A-45A6-8253-CB0067656CA7}.Release|iPhone.Build.0 = Release|Any CPU
	EndGlobalSection
EndGlobal
